// !$*UTF8*$!
{
	archiveVersion = 1;
	classes = {
	};
	objectVersion = 56;
	objects = {

/* Begin PBXBuildFile section */
		399D145B2D48733B00B04252 /* FoodProApp.swift in Sources */ = {isa = PBXBuildFile; fileRef = 399D145A2D48733B00B04252 /* FoodProApp.swift */; };
		399D145D2D48733B00B04252 /* ContentView.swift in Sources */ = {isa = PBXBuildFile; fileRef = 399D145C2D48733B00B04252 /* ContentView.swift */; };
		399D145F2D48733E00B04252 /* Assets.xcassets in Resources */ = {isa = PBXBuildFile; fileRef = 399D145E2D48733E00B04252 /* Assets.xcassets */; };
		399D14632D48733E00B04252 /* Preview Assets.xcassets in Resources */ = {isa = PBXBuildFile; fileRef = 399D14622D48733E00B04252 /* Preview Assets.xcassets */; };
		399D146D2D48733E00B04252 /* FoodProTests.swift in Sources */ = {isa = PBXBuildFile; fileRef = 399D146C2D48733E00B04252 /* FoodProTests.swift */; };
		399D14772D48733E00B04252 /* FoodProUITests.swift in Sources */ = {isa = PBXBuildFile; fileRef = 399D14762D48733E00B04252 /* FoodProUITests.swift */; };
		399D14792D48733E00B04252 /* FoodProUITestsLaunchTests.swift in Sources */ = {isa = PBXBuildFile; fileRef = 399D14782D48733E00B04252 /* FoodProUITestsLaunchTests.swift */; };
/* End PBXBuildFile section */

/* Begin PBXContainerItemProxy section */
		399D14692D48733E00B04252 /* PBXContainerItemProxy */ = {
			isa = PBXContainerItemProxy;
			containerPortal = 399D144F2D48733B00B04252 /* Project object */;
			proxyType = 1;
			remoteGlobalIDString = 399D14562D48733B00B04252;
			remoteInfo = FoodPro;
		};
		399D14732D48733E00B04252 /* PBXContainerItemProxy */ = {
			isa = PBXContainerItemProxy;
			containerPortal = 399D144F2D48733B00B04252 /* Project object */;
			proxyType = 1;
			remoteGlobalIDString = 399D14562D48733B00B04252;
			remoteInfo = FoodPro;
		};
/* End PBXContainerItemProxy section */

/* Begin PBXFileReference section */
		399D14572D48733B00B04252 /* FoodPro.app */ = {isa = PBXFileReference; explicitFileType = wrapper.application; includeInIndex = 0; path = FoodPro.app; sourceTree = BUILT_PRODUCTS_DIR; };
		399D145A2D48733B00B04252 /* FoodProApp.swift */ = {isa = PBXFileReference; lastKnownFileType = sourcecode.swift; path = FoodProApp.swift; sourceTree = "<group>"; };
		399D145C2D48733B00B04252 /* ContentView.swift */ = {isa = PBXFileReference; lastKnownFileType = sourcecode.swift; path = ContentView.swift; sourceTree = "<group>"; };
		399D145E2D48733E00B04252 /* Assets.xcassets */ = {isa = PBXFileReference; lastKnownFileType = folder.assetcatalog; path = Assets.xcassets; sourceTree = "<group>"; };
		399D14602D48733E00B04252 /* FoodPro.entitlements */ = {isa = PBXFileReference; lastKnownFileType = text.plist.entitlements; path = FoodPro.entitlements; sourceTree = "<group>"; };
		399D14622D48733E00B04252 /* Preview Assets.xcassets */ = {isa = PBXFileReference; lastKnownFileType = folder.assetcatalog; path = "Preview Assets.xcassets"; sourceTree = "<group>"; };
		399D14682D48733E00B04252 /* FoodProTests.xctest */ = {isa = PBXFileReference; explicitFileType = wrapper.cfbundle; includeInIndex = 0; path = FoodProTests.xctest; sourceTree = BUILT_PRODUCTS_DIR; };
		399D146C2D48733E00B04252 /* FoodProTests.swift */ = {isa = PBXFileReference; lastKnownFileType = sourcecode.swift; path = FoodProTests.swift; sourceTree = "<group>"; };
		399D14722D48733E00B04252 /* FoodProUITests.xctest */ = {isa = PBXFileReference; explicitFileType = wrapper.cfbundle; includeInIndex = 0; path = FoodProUITests.xctest; sourceTree = BUILT_PRODUCTS_DIR; };
		399D14762D48733E00B04252 /* FoodProUITests.swift */ = {isa = PBXFileReference; lastKnownFileType = sourcecode.swift; path = FoodProUITests.swift; sourceTree = "<group>"; };
		399D14782D48733E00B04252 /* FoodProUITestsLaunchTests.swift */ = {isa = PBXFileReference; lastKnownFileType = sourcecode.swift; path = FoodProUITestsLaunchTests.swift; sourceTree = "<group>"; };
/* End PBXFileReference section */

/* Begin PBXFrameworksBuildPhase section */
		399D14542D48733B00B04252 /* Frameworks */ = {
			isa = PBXFrameworksBuildPhase;
			buildActionMask = 2147483647;
			files = (
			);
			runOnlyForDeploymentPostprocessing = 0;
		};
		399D14652D48733E00B04252 /* Frameworks */ = {
			isa = PBXFrameworksBuildPhase;
			buildActionMask = 2147483647;
			files = (
			);
			runOnlyForDeploymentPostprocessing = 0;
		};
		399D146F2D48733E00B04252 /* Frameworks */ = {
			isa = PBXFrameworksBuildPhase;
			buildActionMask = 2147483647;
			files = (
			);
			runOnlyForDeploymentPostprocessing = 0;
		};
/* End PBXFrameworksBuildPhase section */

/* Begin PBXGroup section */
		399D144E2D48733B00B04252 = {
			isa = PBXGroup;
			children = (
				399D14592D48733B00B04252 /* FoodPro */,
				399D146B2D48733E00B04252 /* FoodProTests */,
				399D14752D48733E00B04252 /* FoodProUITests */,
				399D14582D48733B00B04252 /* Products */,
			);
			sourceTree = "<group>";
		};
		399D14582D48733B00B04252 /* Products */ = {
			isa = PBXGroup;
			children = (
				399D14572D48733B00B04252 /* FoodPro.app */,
				399D14682D48733E00B04252 /* FoodProTests.xctest */,
				399D14722D48733E00B04252 /* FoodProUITests.xctest */,
			);
			name = Products;
			sourceTree = "<group>";
		};
		399D14592D48733B00B04252 /* FoodPro */ = {
			isa = PBXGroup;
			children = (
				399D145A2D48733B00B04252 /* FoodProApp.swift */,
				399D145C2D48733B00B04252 /* ContentView.swift */,
				399D145E2D48733E00B04252 /* Assets.xcassets */,
				399D14602D48733E00B04252 /* FoodPro.entitlements */,
				399D14612D48733E00B04252 /* Preview Content */,
			);
			path = FoodPro;
			sourceTree = "<group>";
		};
		399D14612D48733E00B04252 /* Preview Content */ = {
			isa = PBXGroup;
			children = (
				399D14622D48733E00B04252 /* Preview Assets.xcassets */,
			);
			path = "Preview Content";
			sourceTree = "<group>";
		};
		399D146B2D48733E00B04252 /* FoodProTests */ = {
			isa = PBXGroup;
			children = (
				399D146C2D48733E00B04252 /* FoodProTests.swift */,
			);
			path = FoodProTests;
			sourceTree = "<group>";
		};
		399D14752D48733E00B04252 /* FoodProUITests */ = {
			isa = PBXGroup;
			children = (
				399D14762D48733E00B04252 /* FoodProUITests.swift */,
				399D14782D48733E00B04252 /* FoodProUITestsLaunchTests.swift */,
			);
			path = FoodProUITests;
			sourceTree = "<group>";
		};
/* End PBXGroup section */

/* Begin PBXNativeTarget section */
		399D14562D48733B00B04252 /* FoodPro */ = {
			isa = PBXNativeTarget;
			buildConfigurationList = 399D147C2D48733E00B04252 /* Build configuration list for PBXNativeTarget "FoodPro" */;
			buildPhases = (
				399D14532D48733B00B04252 /* Sources */,
				399D14542D48733B00B04252 /* Frameworks */,
				399D14552D48733B00B04252 /* Resources */,
			);
			buildRules = (
			);
			dependencies = (
			);
			name = FoodPro;
			productName = FoodPro;
			productReference = 399D14572D48733B00B04252 /* FoodPro.app */;
			productType = "com.apple.product-type.application";
		};
		399D14672D48733E00B04252 /* FoodProTests */ = {
			isa = PBXNativeTarget;
			buildConfigurationList = 399D147F2D48733E00B04252 /* Build configuration list for PBXNativeTarget "FoodProTests" */;
			buildPhases = (
				399D14642D48733E00B04252 /* Sources */,
				399D14652D48733E00B04252 /* Frameworks */,
				399D14662D48733E00B04252 /* Resources */,
			);
			buildRules = (
			);
			dependencies = (
				399D146A2D48733E00B04252 /* PBXTargetDependency */,
			);
			name = FoodProTests;
			productName = FoodProTests;
			productReference = 399D14682D48733E00B04252 /* FoodProTests.xctest */;
			productType = "com.apple.product-type.bundle.unit-test";
		};
		399D14712D48733E00B04252 /* FoodProUITests */ = {
			isa = PBXNativeTarget;
			buildConfigurationList = 399D14822D48733E00B04252 /* Build configuration list for PBXNativeTarget "FoodProUITests" */;
			buildPhases = (
				399D146E2D48733E00B04252 /* Sources */,
				399D146F2D48733E00B04252 /* Frameworks */,
				399D14702D48733E00B04252 /* Resources */,
			);
			buildRules = (
			);
			dependencies = (
				399D14742D48733E00B04252 /* PBXTargetDependency */,
			);
			name = FoodProUITests;
			productName = FoodProUITests;
			productReference = 399D14722D48733E00B04252 /* FoodProUITests.xctest */;
			productType = "com.apple.product-type.bundle.ui-testing";
		};
/* End PBXNativeTarget section */

/* Begin PBXProject section */
		399D144F2D48733B00B04252 /* Project object */ = {
			isa = PBXProject;
			attributes = {
				BuildIndependentTargetsInParallel = 1;
				LastSwiftUpdateCheck = 1530;
				LastUpgradeCheck = 1530;
				TargetAttributes = {
					399D14562D48733B00B04252 = {
						CreatedOnToolsVersion = 15.3;
					};
					399D14672D48733E00B04252 = {
						CreatedOnToolsVersion = 15.3;
						TestTargetID = 399D14562D48733B00B04252;
					};
					399D14712D48733E00B04252 = {
						CreatedOnToolsVersion = 15.3;
						TestTargetID = 399D14562D48733B00B04252;
					};
				};
			};
			buildConfigurationList = 399D14522D48733B00B04252 /* Build configuration list for PBXProject "FoodPro" */;
			compatibilityVersion = "Xcode 14.0";
			developmentRegion = en;
			hasScannedForEncodings = 0;
			knownRegions = (
				en,
				Base,
			);
			mainGroup = 399D144E2D48733B00B04252;
			productRefGroup = 399D14582D48733B00B04252 /* Products */;
			projectDirPath = "";
			projectRoot = "";
			targets = (
				399D14562D48733B00B04252 /* FoodPro */,
				399D14672D48733E00B04252 /* FoodProTests */,
				399D14712D48733E00B04252 /* FoodProUITests */,
			);
		};
/* End PBXProject section */

/* Begin PBXResourcesBuildPhase section */
		399D14552D48733B00B04252 /* Resources */ = {
			isa = PBXResourcesBuildPhase;
			buildActionMask = 2147483647;
			files = (
				399D14632D48733E00B04252 /* Preview Assets.xcassets in Resources */,
				399D145F2D48733E00B04252 /* Assets.xcassets in Resources */,
			);
			runOnlyForDeploymentPostprocessing = 0;
		};
		399D14662D48733E00B04252 /* Resources */ = {
			isa = PBXResourcesBuildPhase;
			buildActionMask = 2147483647;
			files = (
			);
			runOnlyForDeploymentPostprocessing = 0;
		};
		399D14702D48733E00B04252 /* Resources */ = {
			isa = PBXResourcesBuildPhase;
			buildActionMask = 2147483647;
			files = (
			);
			runOnlyForDeploymentPostprocessing = 0;
		};
/* End PBXResourcesBuildPhase section */

/* Begin PBXSourcesBuildPhase section */
		399D14532D48733B00B04252 /* Sources */ = {
			isa = PBXSourcesBuildPhase;
			buildActionMask = 2147483647;
			files = (
				399D145D2D48733B00B04252 /* ContentView.swift in Sources */,
				399D145B2D48733B00B04252 /* FoodProApp.swift in Sources */,
			);
			runOnlyForDeploymentPostprocessing = 0;
		};
		399D14642D48733E00B04252 /* Sources */ = {
			isa = PBXSourcesBuildPhase;
			buildActionMask = 2147483647;
			files = (
				399D146D2D48733E00B04252 /* FoodProTests.swift in Sources */,
			);
			runOnlyForDeploymentPostprocessing = 0;
		};
		399D146E2D48733E00B04252 /* Sources */ = {
			isa = PBXSourcesBuildPhase;
			buildActionMask = 2147483647;
			files = (
				399D14792D48733E00B04252 /* FoodProUITestsLaunchTests.swift in Sources */,
				399D14772D48733E00B04252 /* FoodProUITests.swift in Sources */,
			);
			runOnlyForDeploymentPostprocessing = 0;
		};
/* End PBXSourcesBuildPhase section */

/* Begin PBXTargetDependency section */
		399D146A2D48733E00B04252 /* PBXTargetDependency */ = {
			isa = PBXTargetDependency;
			target = 399D14562D48733B00B04252 /* FoodPro */;
			targetProxy = 399D14692D48733E00B04252 /* PBXContainerItemProxy */;
		};
		399D14742D48733E00B04252 /* PBXTargetDependency */ = {
			isa = PBXTargetDependency;
			target = 399D14562D48733B00B04252 /* FoodPro */;
			targetProxy = 399D14732D48733E00B04252 /* PBXContainerItemProxy */;
		};
/* End PBXTargetDependency section */

/* Begin XCBuildConfiguration section */
		399D147A2D48733E00B04252 /* Debug */ = {
			isa = XCBuildConfiguration;
			buildSettings = {
				ALWAYS_SEARCH_USER_PATHS = NO;
				ASSETCATALOG_COMPILER_GENERATE_SWIFT_ASSET_SYMBOL_EXTENSIONS = YES;
				CLANG_ANALYZER_NONNULL = YES;
				CLANG_ANALYZER_NUMBER_OBJECT_CONVERSION = YES_AGGRESSIVE;
				CLANG_CXX_LANGUAGE_STANDARD = "gnu++20";
				CLANG_ENABLE_MODULES = YES;
				CLANG_ENABLE_OBJC_ARC = YES;
				CLANG_ENABLE_OBJC_WEAK = YES;
				CLANG_WARN_BLOCK_CAPTURE_AUTORELEASING = YES;
				CLANG_WARN_BOOL_CONVERSION = YES;
				CLANG_WARN_COMMA = YES;
				CLANG_WARN_CONSTANT_CONVERSION = YES;
				CLANG_WARN_DEPRECATED_OBJC_IMPLEMENTATIONS = YES;
				CLANG_WARN_DIRECT_OBJC_ISA_USAGE = YES_ERROR;
				CLANG_WARN_DOCUMENTATION_COMMENTS = YES;
				CLANG_WARN_EMPTY_BODY = YES;
				CLANG_WARN_ENUM_CONVERSION = YES;
				CLANG_WARN_INFINITE_RECURSION = YES;
				CLANG_WARN_INT_CONVERSION = YES;
				CLANG_WARN_NON_LITERAL_NULL_CONVERSION = YES;
				CLANG_WARN_OBJC_IMPLICIT_RETAIN_SELF = YES;
				CLANG_WARN_OBJC_LITERAL_CONVERSION = YES;
				CLANG_WARN_OBJC_ROOT_CLASS = YES_ERROR;
				CLANG_WARN_QUOTED_INCLUDE_IN_FRAMEWORK_HEADER = YES;
				CLANG_WARN_RANGE_LOOP_ANALYSIS = YES;
				CLANG_WARN_STRICT_PROTOTYPES = YES;
				CLANG_WARN_SUSPICIOUS_MOVE = YES;
				CLANG_WARN_UNGUARDED_AVAILABILITY = YES_AGGRESSIVE;
				CLANG_WARN_UNREACHABLE_CODE = YES;
				CLANG_WARN__DUPLICATE_METHOD_MATCH = YES;
				COPY_PHASE_STRIP = NO;
				DEBUG_INFORMATION_FORMAT = dwarf;
				ENABLE_STRICT_OBJC_MSGSEND = YES;
				ENABLE_TESTABILITY = YES;
				ENABLE_USER_SCRIPT_SANDBOXING = YES;
				GCC_C_LANGUAGE_STANDARD = gnu17;
				GCC_DYNAMIC_NO_PIC = NO;
				GCC_NO_COMMON_BLOCKS = YES;
				GCC_OPTIMIZATION_LEVEL = 0;
				GCC_PREPROCESSOR_DEFINITIONS = (
					"DEBUG=1",
					"$(inherited)",
				);
				GCC_WARN_64_TO_32_BIT_CONVERSION = YES;
				GCC_WARN_ABOUT_RETURN_TYPE = YES_ERROR;
				GCC_WARN_UNDECLARED_SELECTOR = YES;
				GCC_WARN_UNINITIALIZED_AUTOS = YES_AGGRESSIVE;
				GCC_WARN_UNUSED_FUNCTION = YES;
				GCC_WARN_UNUSED_VARIABLE = YES;
				LOCALIZATION_PREFERS_STRING_CATALOGS = YES;
				MTL_ENABLE_DEBUG_INFO = INCLUDE_SOURCE;
				MTL_FAST_MATH = YES;
				ONLY_ACTIVE_ARCH = YES;
				SWIFT_ACTIVE_COMPILATION_CONDITIONS = "DEBUG $(inherited)";
				SWIFT_OPTIMIZATION_LEVEL = "-Onone";
			};
			name = Debug;
		};
		399D147B2D48733E00B04252 /* Release */ = {
			isa = XCBuildConfiguration;
			buildSettings = {
				ALWAYS_SEARCH_USER_PATHS = NO;
				ASSETCATALOG_COMPILER_GENERATE_SWIFT_ASSET_SYMBOL_EXTENSIONS = YES;
				CLANG_ANALYZER_NONNULL = YES;
				CLANG_ANALYZER_NUMBER_OBJECT_CONVERSION = YES_AGGRESSIVE;
				CLANG_CXX_LANGUAGE_STANDARD = "gnu++20";
				CLANG_ENABLE_MODULES = YES;
				CLANG_ENABLE_OBJC_ARC = YES;
				CLANG_ENABLE_OBJC_WEAK = YES;
				CLANG_WARN_BLOCK_CAPTURE_AUTORELEASING = YES;
				CLANG_WARN_BOOL_CONVERSION = YES;
				CLANG_WARN_COMMA = YES;
				CLANG_WARN_CONSTANT_CONVERSION = YES;
				CLANG_WARN_DEPRECATED_OBJC_IMPLEMENTATIONS = YES;
				CLANG_WARN_DIRECT_OBJC_ISA_USAGE = YES_ERROR;
				CLANG_WARN_DOCUMENTATION_COMMENTS = YES;
				CLANG_WARN_EMPTY_BODY = YES;
				CLANG_WARN_ENUM_CONVERSION = YES;
				CLANG_WARN_INFINITE_RECURSION = YES;
				CLANG_WARN_INT_CONVERSION = YES;
				CLANG_WARN_NON_LITERAL_NULL_CONVERSION = YES;
				CLANG_WARN_OBJC_IMPLICIT_RETAIN_SELF = YES;
				CLANG_WARN_OBJC_LITERAL_CONVERSION = YES;
				CLANG_WARN_OBJC_ROOT_CLASS = YES_ERROR;
				CLANG_WARN_QUOTED_INCLUDE_IN_FRAMEWORK_HEADER = YES;
				CLANG_WARN_RANGE_LOOP_ANALYSIS = YES;
				CLANG_WARN_STRICT_PROTOTYPES = YES;
				CLANG_WARN_SUSPICIOUS_MOVE = YES;
				CLANG_WARN_UNGUARDED_AVAILABILITY = YES_AGGRESSIVE;
				CLANG_WARN_UNREACHABLE_CODE = YES;
				CLANG_WARN__DUPLICATE_METHOD_MATCH = YES;
				COPY_PHASE_STRIP = NO;
				DEBUG_INFORMATION_FORMAT = "dwarf-with-dsym";
				ENABLE_NS_ASSERTIONS = NO;
				ENABLE_STRICT_OBJC_MSGSEND = YES;
				ENABLE_USER_SCRIPT_SANDBOXING = YES;
				GCC_C_LANGUAGE_STANDARD = gnu17;
				GCC_NO_COMMON_BLOCKS = YES;
				GCC_WARN_64_TO_32_BIT_CONVERSION = YES;
				GCC_WARN_ABOUT_RETURN_TYPE = YES_ERROR;
				GCC_WARN_UNDECLARED_SELECTOR = YES;
				GCC_WARN_UNINITIALIZED_AUTOS = YES_AGGRESSIVE;
				GCC_WARN_UNUSED_FUNCTION = YES;
				GCC_WARN_UNUSED_VARIABLE = YES;
				LOCALIZATION_PREFERS_STRING_CATALOGS = YES;
				MTL_ENABLE_DEBUG_INFO = NO;
				MTL_FAST_MATH = YES;
				SWIFT_COMPILATION_MODE = wholemodule;
			};
			name = Release;
		};
		399D147D2D48733E00B04252 /* Debug */ = {
			isa = XCBuildConfiguration;
			buildSettings = {
				ASSETCATALOG_COMPILER_APPICON_NAME = AppIcon;
				ASSETCATALOG_COMPILER_GLOBAL_ACCENT_COLOR_NAME = AccentColor;
				CODE_SIGN_ENTITLEMENTS = FoodPro/FoodPro.entitlements;
				CODE_SIGN_STYLE = Automatic;
				CURRENT_PROJECT_VERSION = 1;
				DEVELOPMENT_ASSET_PATHS = "\"FoodPro/Preview Content\"";
				DEVELOPMENT_TEAM = ALJRZSFV28;
				ENABLE_HARDENED_RUNTIME = YES;
				ENABLE_PREVIEWS = YES;
				GENERATE_INFOPLIST_FILE = YES;
				"INFOPLIST_KEY_UIApplicationSceneManifest_Generation[sdk=iphoneos*]" = YES;
				"INFOPLIST_KEY_UIApplicationSceneManifest_Generation[sdk=iphonesimulator*]" = YES;
				"INFOPLIST_KEY_UIApplicationSupportsIndirectInputEvents[sdk=iphoneos*]" = YES;
				"INFOPLIST_KEY_UIApplicationSupportsIndirectInputEvents[sdk=iphonesimulator*]" = YES;
				"INFOPLIST_KEY_UILaunchScreen_Generation[sdk=iphoneos*]" = YES;
				"INFOPLIST_KEY_UILaunchScreen_Generation[sdk=iphonesimulator*]" = YES;
				"INFOPLIST_KEY_UIStatusBarStyle[sdk=iphoneos*]" = UIStatusBarStyleDefault;
				"INFOPLIST_KEY_UIStatusBarStyle[sdk=iphonesimulator*]" = UIStatusBarStyleDefault;
				INFOPLIST_KEY_UISupportedInterfaceOrientations_iPad = "UIInterfaceOrientationPortrait UIInterfaceOrientationPortraitUpsideDown UIInterfaceOrientationLandscapeLeft UIInterfaceOrientationLandscapeRight";
				INFOPLIST_KEY_UISupportedInterfaceOrientations_iPhone = "UIInterfaceOrientationPortrait UIInterfaceOrientationLandscapeLeft UIInterfaceOrientationLandscapeRight";
				IPHONEOS_DEPLOYMENT_TARGET = 17.4;
				LD_RUNPATH_SEARCH_PATHS = "@executable_path/Frameworks";
				"LD_RUNPATH_SEARCH_PATHS[sdk=macosx*]" = "@executable_path/../Frameworks";
				MACOSX_DEPLOYMENT_TARGET = 14.1;
				MARKETING_VERSION = 1.0;
				PRODUCT_BUNDLE_IDENTIFIER = inhousedev.FoodPro;
				PRODUCT_NAME = "$(TARGET_NAME)";
				SDKROOT = auto;
				SUPPORTED_PLATFORMS = "iphoneos iphonesimulator macosx";
				SWIFT_EMIT_LOC_STRINGS = YES;
				SWIFT_VERSION = 5.0;
				TARGETED_DEVICE_FAMILY = "1,2";
			};
			name = Debug;
		};
		399D147E2D48733E00B04252 /* Release */ = {
			isa = XCBuildConfiguration;
			buildSettings = {
				ASSETCATALOG_COMPILER_APPICON_NAME = AppIcon;
				ASSETCATALOG_COMPILER_GLOBAL_ACCENT_COLOR_NAME = AccentColor;
				CODE_SIGN_ENTITLEMENTS = FoodPro/FoodPro.entitlements;
				CODE_SIGN_STYLE = Automatic;
				CURRENT_PROJECT_VERSION = 1;
				DEVELOPMENT_ASSET_PATHS = "\"FoodPro/Preview Content\"";
				DEVELOPMENT_TEAM = ALJRZSFV28;
				ENABLE_HARDENED_RUNTIME = YES;
				ENABLE_PREVIEWS = YES;
				GENERATE_INFOPLIST_FILE = YES;
				"INFOPLIST_KEY_UIApplicationSceneManifest_Generation[sdk=iphoneos*]" = YES;
				"INFOPLIST_KEY_UIApplicationSceneManifest_Generation[sdk=iphonesimulator*]" = YES;
				"INFOPLIST_KEY_UIApplicationSupportsIndirectInputEvents[sdk=iphoneos*]" = YES;
				"INFOPLIST_KEY_UIApplicationSupportsIndirectInputEvents[sdk=iphonesimulator*]" = YES;
				"INFOPLIST_KEY_UILaunchScreen_Generation[sdk=iphoneos*]" = YES;
				"INFOPLIST_KEY_UILaunchScreen_Generation[sdk=iphonesimulator*]" = YES;
				"INFOPLIST_KEY_UIStatusBarStyle[sdk=iphoneos*]" = UIStatusBarStyleDefault;
				"INFOPLIST_KEY_UIStatusBarStyle[sdk=iphonesimulator*]" = UIStatusBarStyleDefault;
				INFOPLIST_KEY_UISupportedInterfaceOrientations_iPad = "UIInterfaceOrientationPortrait UIInterfaceOrientationPortraitUpsideDown UIInterfaceOrientationLandscapeLeft UIInterfaceOrientationLandscapeRight";
				INFOPLIST_KEY_UISupportedInterfaceOrientations_iPhone = "UIInterfaceOrientationPortrait UIInterfaceOrientationLandscapeLeft UIInterfaceOrientationLandscapeRight";
				IPHONEOS_DEPLOYMENT_TARGET = 17.4;
				LD_RUNPATH_SEARCH_PATHS = "@executable_path/Frameworks";
				"LD_RUNPATH_SEARCH_PATHS[sdk=macosx*]" = "@executable_path/../Frameworks";
				MACOSX_DEPLOYMENT_TARGET = 14.1;
				MARKETING_VERSION = 1.0;
				PRODUCT_BUNDLE_IDENTIFIER = inhousedev.FoodPro;
				PRODUCT_NAME = "$(TARGET_NAME)";
				SDKROOT = auto;
				SUPPORTED_PLATFORMS = "iphoneos iphonesimulator macosx";
				SWIFT_EMIT_LOC_STRINGS = YES;
				SWIFT_VERSION = 5.0;
				TARGETED_DEVICE_FAMILY = "1,2";
			};
			name = Release;
		};
		399D14802D48733E00B04252 /* Debug */ = {
			isa = XCBuildConfiguration;
			buildSettings = {
				ALWAYS_EMBED_SWIFT_STANDARD_LIBRARIES = YES;
				BUNDLE_LOADER = "$(TEST_HOST)";
				CODE_SIGN_STYLE = Automatic;
				CURRENT_PROJECT_VERSION = 1;
				DEVELOPMENT_TEAM = ALJRZSFV28;
				GENERATE_INFOPLIST_FILE = YES;
				IPHONEOS_DEPLOYMENT_TARGET = 17.4;
				MACOSX_DEPLOYMENT_TARGET = 14.1;
				MARKETING_VERSION = 1.0;
				PRODUCT_BUNDLE_IDENTIFIER = inhousedev.FoodProTests;
				PRODUCT_NAME = "$(TARGET_NAME)";
				SDKROOT = auto;
				SUPPORTED_PLATFORMS = "iphoneos iphonesimulator macosx";
				SWIFT_EMIT_LOC_STRINGS = NO;
				SWIFT_VERSION = 5.0;
				TARGETED_DEVICE_FAMILY = "1,2";
				TEST_HOST = "$(BUILT_PRODUCTS_DIR)/FoodPro.app/$(BUNDLE_EXECUTABLE_FOLDER_PATH)/FoodPro";
			};
			name = Debug;
		};
		399D14812D48733E00B04252 /* Release */ = {
			isa = XCBuildConfiguration;
			buildSettings = {
				ALWAYS_EMBED_SWIFT_STANDARD_LIBRARIES = YES;
				BUNDLE_LOADER = "$(TEST_HOST)";
				CODE_SIGN_STYLE = Automatic;
				CURRENT_PROJECT_VERSION = 1;
				DEVELOPMENT_TEAM = ALJRZSFV28;
				GENERATE_INFOPLIST_FILE = YES;
				IPHONEOS_DEPLOYMENT_TARGET = 17.4;
				MACOSX_DEPLOYMENT_TARGET = 14.1;
				MARKETING_VERSION = 1.0;
				PRODUCT_BUNDLE_IDENTIFIER = inhousedev.FoodProTests;
				PRODUCT_NAME = "$(TARGET_NAME)";
				SDKROOT = auto;
				SUPPORTED_PLATFORMS = "iphoneos iphonesimulator macosx";
				SWIFT_EMIT_LOC_STRINGS = NO;
				SWIFT_VERSION = 5.0;
				TARGETED_DEVICE_FAMILY = "1,2";
				TEST_HOST = "$(BUILT_PRODUCTS_DIR)/FoodPro.app/$(BUNDLE_EXECUTABLE_FOLDER_PATH)/FoodPro";
			};
			name = Release;
		};
		399D14832D48733E00B04252 /* Debug */ = {
			isa = XCBuildConfiguration;
			buildSettings = {
				ALWAYS_EMBED_SWIFT_STANDARD_LIBRARIES = YES;
				CODE_SIGN_STYLE = Automatic;
				CURRENT_PROJECT_VERSION = 1;
				DEVELOPMENT_TEAM = ALJRZSFV28;
				GENERATE_INFOPLIST_FILE = YES;
				IPHONEOS_DEPLOYMENT_TARGET = 17.4;
				MACOSX_DEPLOYMENT_TARGET = 14.1;
				MARKETING_VERSION = 1.0;
				PRODUCT_BUNDLE_IDENTIFIER = inhousedev.FoodProUITests;
				PRODUCT_NAME = "$(TARGET_NAME)";
				SDKROOT = auto;
				SUPPORTED_PLATFORMS = "iphoneos iphonesimulator macosx";
				SWIFT_EMIT_LOC_STRINGS = NO;
				SWIFT_VERSION = 5.0;
				TARGETED_DEVICE_FAMILY = "1,2";
				TEST_TARGET_NAME = FoodPro;
			};
			name = Debug;
		};
		399D14842D48733E00B04252 /* Release */ = {
			isa = XCBuildConfiguration;
			buildSettings = {
				ALWAYS_EMBED_SWIFT_STANDARD_LIBRARIES = YES;
				CODE_SIGN_STYLE = Automatic;
				CURRENT_PROJECT_VERSION = 1;
				DEVELOPMENT_TEAM = ALJRZSFV28;
				GENERATE_INFOPLIST_FILE = YES;
				IPHONEOS_DEPLOYMENT_TARGET = 17.4;
				MACOSX_DEPLOYMENT_TARGET = 14.1;
				MARKETING_VERSION = 1.0;
				PRODUCT_BUNDLE_IDENTIFIER = inhousedev.FoodProUITests;
				PRODUCT_NAME = "$(TARGET_NAME)";
				SDKROOT = auto;
				SUPPORTED_PLATFORMS = "iphoneos iphonesimulator macosx";
				SWIFT_EMIT_LOC_STRINGS = NO;
				SWIFT_VERSION = 5.0;
				TARGETED_DEVICE_FAMILY = "1,2";
				TEST_TARGET_NAME = FoodPro;
			};
			name = Release;
		};
/* End XCBuildConfiguration section */

/* Begin XCConfigurationList section */
		399D14522D48733B00B04252 /* Build configuration list for PBXProject "FoodPro" */ = {
			isa = XCConfigurationList;
			buildConfigurations = (
				399D147A2D48733E00B04252 /* Debug */,
				399D147B2D48733E00B04252 /* Release */,
			);
			defaultConfigurationIsVisible = 0;
			defaultConfigurationName = Release;
		};
		399D147C2D48733E00B04252 /* Build configuration list for PBXNativeTarget "FoodPro" */ = {
			isa = XCConfigurationList;
			buildConfigurations = (
				399D147D2D48733E00B04252 /* Debug */,
				399D147E2D48733E00B04252 /* Release */,
			);
			defaultConfigurationIsVisible = 0;
			defaultConfigurationName = Release;
		};
		399D147F2D48733E00B04252 /* Build configuration list for PBXNativeTarget "FoodProTests" */ = {
			isa = XCConfigurationList;
			buildConfigurations = (
				399D14802D48733E00B04252 /* Debug */,
				399D14812D48733E00B04252 /* Release */,
			);
			defaultConfigurationIsVisible = 0;
			defaultConfigurationName = Release;
		};
		399D14822D48733E00B04252 /* Build configuration list for PBXNativeTarget "FoodProUITests" */ = {
			isa = XCConfigurationList;
			buildConfigurations = (
				399D14832D48733E00B04252 /* Debug */,
				399D14842D48733E00B04252 /* Release */,
			);
			defaultConfigurationIsVisible = 0;
			defaultConfigurationName = Release;
		};
/* End XCConfigurationList section */
	};
	rootObject = 399D144F2D48733B00B04252 /* Project object */;
}
